// !$*UTF8*$!
{
	archiveVersion = 1;
	classes = {
	};
	objectVersion = 77;
	objects = {

/* Begin PBXBuildFile section */
		F4B1DC762DBBAD7E00D7BA37 /* NetworkExtension.framework in Frameworks */ = {isa = PBXBuildFile; fileRef = F4B1DC752DBBAD7E00D7BA37 /* NetworkExtension.framework */; };
		F4B1DC7E2DBBAD7E00D7BA37 /* ContentFilter.appex in Embed Foundation Extensions */ = {isa = PBXBuildFile; fileRef = F4B1DC732DBBAD7E00D7BA37 /* ContentFilter.appex */; settings = {ATTRIBUTES = (RemoveHeadersOnCopy, ); }; };
		F4B1DC892DBBAD9E00D7BA37 /* NetworkExtension.framework in Frameworks */ = {isa = PBXBuildFile; fileRef = F4B1DC752DBBAD7E00D7BA37 /* NetworkExtension.framework */; };
		F4B1DC912DBBAD9E00D7BA37 /* ContentFilterData.appex in Embed Foundation Extensions */ = {isa = PBXBuildFile; fileRef = F4B1DC882DBBAD9E00D7BA37 /* ContentFilterData.appex */; settings = {ATTRIBUTES = (RemoveHeadersOnCopy, ); }; };
/* End PBXBuildFile section */

/* Begin PBXContainerItemProxy section */
		F4B1DC7C2DBBAD7E00D7BA37 /* PBXContainerItemProxy */ = {
			isa = PBXContainerItemProxy;
			containerPortal = F4B1DC552DBBAC0800D7BA37 /* Project object */;
			proxyType = 1;
			remoteGlobalIDString = F4B1DC722DBBAD7E00D7BA37;
			remoteInfo = ContentFilter;
		};
		F4B1DC8F2DBBAD9E00D7BA37 /* PBXContainerItemProxy */ = {
			isa = PBXContainerItemProxy;
			containerPortal = F4B1DC552DBBAC0800D7BA37 /* Project object */;
			proxyType = 1;
			remoteGlobalIDString = F4B1DC872DBBAD9E00D7BA37;
			remoteInfo = ContentFilterData;
		};
/* End PBXContainerItemProxy section */

/* Begin PBXCopyFilesBuildPhase section */
		F4B1DC832DBBAD7E00D7BA37 /* Embed Foundation Extensions */ = {
			isa = PBXCopyFilesBuildPhase;
			buildActionMask = 2147483647;
			dstPath = "";
			dstSubfolderSpec = 13;
			files = (
				F4B1DC912DBBAD9E00D7BA37 /* ContentFilterData.appex in Embed Foundation Extensions */,
				F4B1DC7E2DBBAD7E00D7BA37 /* ContentFilter.appex in Embed Foundation Extensions */,
			);
			name = "Embed Foundation Extensions";
			runOnlyForDeploymentPostprocessing = 0;
		};
/* End PBXCopyFilesBuildPhase section */

/* Begin PBXFileReference section */
		F4B1DC5D2DBBAC0800D7BA37 /* WebsiteBlocker.app */ = {isa = PBXFileReference; explicitFileType = wrapper.application; includeInIndex = 0; path = WebsiteBlocker.app; sourceTree = BUILT_PRODUCTS_DIR; };
		F4B1DC732DBBAD7E00D7BA37 /* ContentFilter.appex */ = {isa = PBXFileReference; explicitFileType = "wrapper.app-extension"; includeInIndex = 0; path = ContentFilter.appex; sourceTree = BUILT_PRODUCTS_DIR; };
		F4B1DC752DBBAD7E00D7BA37 /* NetworkExtension.framework */ = {isa = PBXFileReference; lastKnownFileType = wrapper.framework; name = NetworkExtension.framework; path = System/Library/Frameworks/NetworkExtension.framework; sourceTree = SDKROOT; };
		F4B1DC882DBBAD9E00D7BA37 /* ContentFilterData.appex */ = {isa = PBXFileReference; explicitFileType = "wrapper.app-extension"; includeInIndex = 0; path = ContentFilterData.appex; sourceTree = BUILT_PRODUCTS_DIR; };
/* End PBXFileReference section */

/* Begin PBXFileSystemSynchronizedBuildFileExceptionSet section */
		F4B1DC7F2DBBAD7E00D7BA37 /* Exceptions for "ContentFilter" folder in "ContentFilter" target */ = {
			isa = PBXFileSystemSynchronizedBuildFileExceptionSet;
			membershipExceptions = (
				Info.plist,
			);
			target = F4B1DC722DBBAD7E00D7BA37 /* ContentFilter */;
		};
		F4B1DC922DBBAD9E00D7BA37 /* Exceptions for "ContentFilterData" folder in "ContentFilterData" target */ = {
			isa = PBXFileSystemSynchronizedBuildFileExceptionSet;
			membershipExceptions = (
				Info.plist,
			);
			target = F4B1DC872DBBAD9E00D7BA37 /* ContentFilterData */;
		};
		F4B1DC972DBBADD900D7BA37 /* Exceptions for "WebsiteBlocker" folder in "WebsiteBlocker" target */ = {
			isa = PBXFileSystemSynchronizedBuildFileExceptionSet;
			membershipExceptions = (
				Info.plist,
			);
			target = F4B1DC5C2DBBAC0800D7BA37 /* WebsiteBlocker */;
		};
		F4BCDB9E2DC0E1F200B2721A /* Exceptions for "WebsiteBlocker" folder in "ContentFilter" target */ = {
			isa = PBXFileSystemSynchronizedBuildFileExceptionSet;
			membershipExceptions = (
				SharedData.swift,
			);
			target = F4B1DC722DBBAD7E00D7BA37 /* ContentFilter */;
		};
		F4BCDB9F2DC0E1F200B2721A /* Exceptions for "WebsiteBlocker" folder in "ContentFilterData" target */ = {
			isa = PBXFileSystemSynchronizedBuildFileExceptionSet;
			membershipExceptions = (
				SharedData.swift,
			);
			target = F4B1DC872DBBAD9E00D7BA37 /* ContentFilterData */;
		};
/* End PBXFileSystemSynchronizedBuildFileExceptionSet section */

/* Begin PBXFileSystemSynchronizedRootGroup section */
		F4B1DC5F2DBBAC0800D7BA37 /* WebsiteBlocker */ = {
			isa = PBXFileSystemSynchronizedRootGroup;
			exceptions = (
				F4B1DC972DBBADD900D7BA37 /* Exceptions for "WebsiteBlocker" folder in "WebsiteBlocker" target */,
				F4BCDB9E2DC0E1F200B2721A /* Exceptions for "WebsiteBlocker" folder in "ContentFilter" target */,
				F4BCDB9F2DC0E1F200B2721A /* Exceptions for "WebsiteBlocker" folder in "ContentFilterData" target */,
			);
			path = WebsiteBlocker;
			sourceTree = "<group>";
		};
		F4B1DC772DBBAD7E00D7BA37 /* ContentFilter */ = {
			isa = PBXFileSystemSynchronizedRootGroup;
			exceptions = (
				F4B1DC7F2DBBAD7E00D7BA37 /* Exceptions for "ContentFilter" folder in "ContentFilter" target */,
			);
			path = ContentFilter;
			sourceTree = "<group>";
		};
		F4B1DC8A2DBBAD9E00D7BA37 /* ContentFilterData */ = {
			isa = PBXFileSystemSynchronizedRootGroup;
			exceptions = (
				F4B1DC922DBBAD9E00D7BA37 /* Exceptions for "ContentFilterData" folder in "ContentFilterData" target */,
			);
			path = ContentFilterData;
			sourceTree = "<group>";
		};
/* End PBXFileSystemSynchronizedRootGroup section */

/* Begin PBXFrameworksBuildPhase section */
		F4B1DC5A2DBBAC0800D7BA37 /* Frameworks */ = {
			isa = PBXFrameworksBuildPhase;
			buildActionMask = 2147483647;
			files = (
			);
			runOnlyForDeploymentPostprocessing = 0;
		};
		F4B1DC702DBBAD7E00D7BA37 /* Frameworks */ = {
			isa = PBXFrameworksBuildPhase;
			buildActionMask = 2147483647;
			files = (
				F4B1DC762DBBAD7E00D7BA37 /* NetworkExtension.framework in Frameworks */,
			);
			runOnlyForDeploymentPostprocessing = 0;
		};
		F4B1DC852DBBAD9E00D7BA37 /* Frameworks */ = {
			isa = PBXFrameworksBuildPhase;
			buildActionMask = 2147483647;
			files = (
				F4B1DC892DBBAD9E00D7BA37 /* NetworkExtension.framework in Frameworks */,
			);
			runOnlyForDeploymentPostprocessing = 0;
		};
/* End PBXFrameworksBuildPhase section */

/* Begin PBXGroup section */
		F4B1DC542DBBAC0800D7BA37 = {
			isa = PBXGroup;
			children = (
				F4B1DC5F2DBBAC0800D7BA37 /* WebsiteBlocker */,
				F4B1DC772DBBAD7E00D7BA37 /* ContentFilter */,
				F4B1DC8A2DBBAD9E00D7BA37 /* ContentFilterData */,
				F4B1DC742DBBAD7E00D7BA37 /* Frameworks */,
				F4B1DC5E2DBBAC0800D7BA37 /* Products */,
			);
			sourceTree = "<group>";
		};
		F4B1DC5E2DBBAC0800D7BA37 /* Products */ = {
			isa = PBXGroup;
			children = (
				F4B1DC5D2DBBAC0800D7BA37 /* WebsiteBlocker.app */,
				F4B1DC732DBBAD7E00D7BA37 /* ContentFilter.appex */,
				F4B1DC882DBBAD9E00D7BA37 /* ContentFilterData.appex */,
			);
			name = Products;
			sourceTree = "<group>";
		};
		F4B1DC742DBBAD7E00D7BA37 /* Frameworks */ = {
			isa = PBXGroup;
			children = (
				F4B1DC752DBBAD7E00D7BA37 /* NetworkExtension.framework */,
			);
			name = Frameworks;
			sourceTree = "<group>";
		};
/* End PBXGroup section */

/* Begin PBXNativeTarget section */
		F4B1DC5C2DBBAC0800D7BA37 /* WebsiteBlocker */ = {
			isa = PBXNativeTarget;
			buildConfigurationList = F4B1DC6B2DBBAC0900D7BA37 /* Build configuration list for PBXNativeTarget "WebsiteBlocker" */;
			buildPhases = (
				F4B1DC592DBBAC0800D7BA37 /* Sources */,
				F4B1DC5A2DBBAC0800D7BA37 /* Frameworks */,
				F4B1DC5B2DBBAC0800D7BA37 /* Resources */,
				F4B1DC832DBBAD7E00D7BA37 /* Embed Foundation Extensions */,
			);
			buildRules = (
			);
			dependencies = (
				F4B1DC7D2DBBAD7E00D7BA37 /* PBXTargetDependency */,
				F4B1DC902DBBAD9E00D7BA37 /* PBXTargetDependency */,
			);
			fileSystemSynchronizedGroups = (
				F4B1DC5F2DBBAC0800D7BA37 /* WebsiteBlocker */,
			);
			name = WebsiteBlocker;
			packageProductDependencies = (
			);
			productName = WebsiteBlocker;
			productReference = F4B1DC5D2DBBAC0800D7BA37 /* WebsiteBlocker.app */;
			productType = "com.apple.product-type.application";
		};
		F4B1DC722DBBAD7E00D7BA37 /* ContentFilter */ = {
			isa = PBXNativeTarget;
			buildConfigurationList = F4B1DC802DBBAD7E00D7BA37 /* Build configuration list for PBXNativeTarget "ContentFilter" */;
			buildPhases = (
				F4B1DC6F2DBBAD7E00D7BA37 /* Sources */,
				F4B1DC702DBBAD7E00D7BA37 /* Frameworks */,
				F4B1DC712DBBAD7E00D7BA37 /* Resources */,
			);
			buildRules = (
			);
			dependencies = (
			);
			fileSystemSynchronizedGroups = (
				F4B1DC772DBBAD7E00D7BA37 /* ContentFilter */,
			);
			name = ContentFilter;
			packageProductDependencies = (
			);
			productName = ContentFilter;
			productReference = F4B1DC732DBBAD7E00D7BA37 /* ContentFilter.appex */;
			productType = "com.apple.product-type.app-extension";
		};
		F4B1DC872DBBAD9E00D7BA37 /* ContentFilterData */ = {
			isa = PBXNativeTarget;
			buildConfigurationList = F4B1DC932DBBAD9E00D7BA37 /* Build configuration list for PBXNativeTarget "ContentFilterData" */;
			buildPhases = (
				F4B1DC842DBBAD9E00D7BA37 /* Sources */,
				F4B1DC852DBBAD9E00D7BA37 /* Frameworks */,
				F4B1DC862DBBAD9E00D7BA37 /* Resources */,
			);
			buildRules = (
			);
			dependencies = (
			);
			fileSystemSynchronizedGroups = (
				F4B1DC8A2DBBAD9E00D7BA37 /* ContentFilterData */,
			);
			name = ContentFilterData;
			packageProductDependencies = (
			);
			productName = ContentFilterData;
			productReference = F4B1DC882DBBAD9E00D7BA37 /* ContentFilterData.appex */;
			productType = "com.apple.product-type.app-extension";
		};
/* End PBXNativeTarget section */

/* Begin PBXProject section */
		F4B1DC552DBBAC0800D7BA37 /* Project object */ = {
			isa = PBXProject;
			attributes = {
				BuildIndependentTargetsInParallel = 1;
				LastSwiftUpdateCheck = 1620;
				LastUpgradeCheck = 1620;
				TargetAttributes = {
					F4B1DC5C2DBBAC0800D7BA37 = {
						CreatedOnToolsVersion = 16.2;
					};
					F4B1DC722DBBAD7E00D7BA37 = {
						CreatedOnToolsVersion = 16.2;
					};
					F4B1DC872DBBAD9E00D7BA37 = {
						CreatedOnToolsVersion = 16.2;
					};
				};
			};
			buildConfigurationList = F4B1DC582DBBAC0800D7BA37 /* Build configuration list for PBXProject "WebsiteBlocker" */;
			developmentRegion = en;
			hasScannedForEncodings = 0;
			knownRegions = (
				en,
				Base,
			);
			mainGroup = F4B1DC542DBBAC0800D7BA37;
			minimizedProjectReferenceProxies = 1;
			preferredProjectObjectVersion = 77;
			productRefGroup = F4B1DC5E2DBBAC0800D7BA37 /* Products */;
			projectDirPath = "";
			projectRoot = "";
			targets = (
				F4B1DC5C2DBBAC0800D7BA37 /* WebsiteBlocker */,
				F4B1DC722DBBAD7E00D7BA37 /* ContentFilter */,
				F4B1DC872DBBAD9E00D7BA37 /* ContentFilterData */,
			);
		};
/* End PBXProject section */

/* Begin PBXResourcesBuildPhase section */
		F4B1DC5B2DBBAC0800D7BA37 /* Resources */ = {
			isa = PBXResourcesBuildPhase;
			buildActionMask = 2147483647;
			files = (
			);
			runOnlyForDeploymentPostprocessing = 0;
		};
		F4B1DC712DBBAD7E00D7BA37 /* Resources */ = {
			isa = PBXResourcesBuildPhase;
			buildActionMask = 2147483647;
			files = (
			);
			runOnlyForDeploymentPostprocessing = 0;
		};
		F4B1DC862DBBAD9E00D7BA37 /* Resources */ = {
			isa = PBXResourcesBuildPhase;
			buildActionMask = 2147483647;
			files = (
			);
			runOnlyForDeploymentPostprocessing = 0;
		};
/* End PBXResourcesBuildPhase section */

/* Begin PBXSourcesBuildPhase section */
		F4B1DC592DBBAC0800D7BA37 /* Sources */ = {
			isa = PBXSourcesBuildPhase;
			buildActionMask = 2147483647;
			files = (
			);
			runOnlyForDeploymentPostprocessing = 0;
		};
		F4B1DC6F2DBBAD7E00D7BA37 /* Sources */ = {
			isa = PBXSourcesBuildPhase;
			buildActionMask = 2147483647;
			files = (
			);
			runOnlyForDeploymentPostprocessing = 0;
		};
		F4B1DC842DBBAD9E00D7BA37 /* Sources */ = {
			isa = PBXSourcesBuildPhase;
			buildActionMask = 2147483647;
			files = (
			);
			runOnlyForDeploymentPostprocessing = 0;
		};
/* End PBXSourcesBuildPhase section */

/* Begin PBXTargetDependency section */
		F4B1DC7D2DBBAD7E00D7BA37 /* PBXTargetDependency */ = {
			isa = PBXTargetDependency;
			target = F4B1DC722DBBAD7E00D7BA37 /* ContentFilter */;
			targetProxy = F4B1DC7C2DBBAD7E00D7BA37 /* PBXContainerItemProxy */;
		};
		F4B1DC902DBBAD9E00D7BA37 /* PBXTargetDependency */ = {
			isa = PBXTargetDependency;
			target = F4B1DC872DBBAD9E00D7BA37 /* ContentFilterData */;
			targetProxy = F4B1DC8F2DBBAD9E00D7BA37 /* PBXContainerItemProxy */;
		};
/* End PBXTargetDependency section */

/* Begin XCBuildConfiguration section */
		F4B1DC692DBBAC0900D7BA37 /* Debug */ = {
			isa = XCBuildConfiguration;
			buildSettings = {
				ALWAYS_SEARCH_USER_PATHS = NO;
				ASSETCATALOG_COMPILER_GENERATE_SWIFT_ASSET_SYMBOL_EXTENSIONS = YES;
				CLANG_ANALYZER_NONNULL = YES;
				CLANG_ANALYZER_NUMBER_OBJECT_CONVERSION = YES_AGGRESSIVE;
				CLANG_CXX_LANGUAGE_STANDARD = "gnu++20";
				CLANG_ENABLE_MODULES = YES;
				CLANG_ENABLE_OBJC_ARC = YES;
				CLANG_ENABLE_OBJC_WEAK = YES;
				CLANG_WARN_BLOCK_CAPTURE_AUTORELEASING = YES;
				CLANG_WARN_BOOL_CONVERSION = YES;
				CLANG_WARN_COMMA = YES;
				CLANG_WARN_CONSTANT_CONVERSION = YES;
				CLANG_WARN_DEPRECATED_OBJC_IMPLEMENTATIONS = YES;
				CLANG_WARN_DIRECT_OBJC_ISA_USAGE = YES_ERROR;
				CLANG_WARN_DOCUMENTATION_COMMENTS = YES;
				CLANG_WARN_EMPTY_BODY = YES;
				CLANG_WARN_ENUM_CONVERSION = YES;
				CLANG_WARN_INFINITE_RECURSION = YES;
				CLANG_WARN_INT_CONVERSION = YES;
				CLANG_WARN_NON_LITERAL_NULL_CONVERSION = YES;
				CLANG_WARN_OBJC_IMPLICIT_RETAIN_SELF = YES;
				CLANG_WARN_OBJC_LITERAL_CONVERSION = YES;
				CLANG_WARN_OBJC_ROOT_CLASS = YES_ERROR;
				CLANG_WARN_QUOTED_INCLUDE_IN_FRAMEWORK_HEADER = YES;
				CLANG_WARN_RANGE_LOOP_ANALYSIS = YES;
				CLANG_WARN_STRICT_PROTOTYPES = YES;
				CLANG_WARN_SUSPICIOUS_MOVE = YES;
				CLANG_WARN_UNGUARDED_AVAILABILITY = YES_AGGRESSIVE;
				CLANG_WARN_UNREACHABLE_CODE = YES;
				CLANG_WARN__DUPLICATE_METHOD_MATCH = YES;
				COPY_PHASE_STRIP = NO;
				DEBUG_INFORMATION_FORMAT = dwarf;
				ENABLE_STRICT_OBJC_MSGSEND = YES;
				ENABLE_TESTABILITY = YES;
				ENABLE_USER_SCRIPT_SANDBOXING = YES;
				GCC_C_LANGUAGE_STANDARD = gnu17;
				GCC_DYNAMIC_NO_PIC = NO;
				GCC_NO_COMMON_BLOCKS = YES;
				GCC_OPTIMIZATION_LEVEL = 0;
				GCC_PREPROCESSOR_DEFINITIONS = (
					"DEBUG=1",
					"$(inherited)",
				);
				GCC_WARN_64_TO_32_BIT_CONVERSION = YES;
				GCC_WARN_ABOUT_RETURN_TYPE = YES_ERROR;
				GCC_WARN_UNDECLARED_SELECTOR = YES;
				GCC_WARN_UNINITIALIZED_AUTOS = YES_AGGRESSIVE;
				GCC_WARN_UNUSED_FUNCTION = YES;
				GCC_WARN_UNUSED_VARIABLE = YES;
				IPHONEOS_DEPLOYMENT_TARGET = 18.2;
				LOCALIZATION_PREFERS_STRING_CATALOGS = YES;
				MTL_ENABLE_DEBUG_INFO = INCLUDE_SOURCE;
				MTL_FAST_MATH = YES;
				ONLY_ACTIVE_ARCH = YES;
				SDKROOT = iphoneos;
				SWIFT_ACTIVE_COMPILATION_CONDITIONS = "DEBUG $(inherited)";
				SWIFT_OPTIMIZATION_LEVEL = "-Onone";
			};
			name = Debug;
		};
		F4B1DC6A2DBBAC0900D7BA37 /* Release */ = {
			isa = XCBuildConfiguration;
			buildSettings = {
				ALWAYS_SEARCH_USER_PATHS = NO;
				ASSETCATALOG_COMPILER_GENERATE_SWIFT_ASSET_SYMBOL_EXTENSIONS = YES;
				CLANG_ANALYZER_NONNULL = YES;
				CLANG_ANALYZER_NUMBER_OBJECT_CONVERSION = YES_AGGRESSIVE;
				CLANG_CXX_LANGUAGE_STANDARD = "gnu++20";
				CLANG_ENABLE_MODULES = YES;
				CLANG_ENABLE_OBJC_ARC = YES;
				CLANG_ENABLE_OBJC_WEAK = YES;
				CLANG_WARN_BLOCK_CAPTURE_AUTORELEASING = YES;
				CLANG_WARN_BOOL_CONVERSION = YES;
				CLANG_WARN_COMMA = YES;
				CLANG_WARN_CONSTANT_CONVERSION = YES;
				CLANG_WARN_DEPRECATED_OBJC_IMPLEMENTATIONS = YES;
				CLANG_WARN_DIRECT_OBJC_ISA_USAGE = YES_ERROR;
				CLANG_WARN_DOCUMENTATION_COMMENTS = YES;
				CLANG_WARN_EMPTY_BODY = YES;
				CLANG_WARN_ENUM_CONVERSION = YES;
				CLANG_WARN_INFINITE_RECURSION = YES;
				CLANG_WARN_INT_CONVERSION = YES;
				CLANG_WARN_NON_LITERAL_NULL_CONVERSION = YES;
				CLANG_WARN_OBJC_IMPLICIT_RETAIN_SELF = YES;
				CLANG_WARN_OBJC_LITERAL_CONVERSION = YES;
				CLANG_WARN_OBJC_ROOT_CLASS = YES_ERROR;
				CLANG_WARN_QUOTED_INCLUDE_IN_FRAMEWORK_HEADER = YES;
				CLANG_WARN_RANGE_LOOP_ANALYSIS = YES;
				CLANG_WARN_STRICT_PROTOTYPES = YES;
				CLANG_WARN_SUSPICIOUS_MOVE = YES;
				CLANG_WARN_UNGUARDED_AVAILABILITY = YES_AGGRESSIVE;
				CLANG_WARN_UNREACHABLE_CODE = YES;
				CLANG_WARN__DUPLICATE_METHOD_MATCH = YES;
				COPY_PHASE_STRIP = NO;
				DEBUG_INFORMATION_FORMAT = "dwarf-with-dsym";
				ENABLE_NS_ASSERTIONS = NO;
				ENABLE_STRICT_OBJC_MSGSEND = YES;
				ENABLE_USER_SCRIPT_SANDBOXING = YES;
				GCC_C_LANGUAGE_STANDARD = gnu17;
				GCC_NO_COMMON_BLOCKS = YES;
				GCC_WARN_64_TO_32_BIT_CONVERSION = YES;
				GCC_WARN_ABOUT_RETURN_TYPE = YES_ERROR;
				GCC_WARN_UNDECLARED_SELECTOR = YES;
				GCC_WARN_UNINITIALIZED_AUTOS = YES_AGGRESSIVE;
				GCC_WARN_UNUSED_FUNCTION = YES;
				GCC_WARN_UNUSED_VARIABLE = YES;
				IPHONEOS_DEPLOYMENT_TARGET = 18.2;
				LOCALIZATION_PREFERS_STRING_CATALOGS = YES;
				MTL_ENABLE_DEBUG_INFO = NO;
				MTL_FAST_MATH = YES;
				SDKROOT = iphoneos;
				SWIFT_COMPILATION_MODE = wholemodule;
				VALIDATE_PRODUCT = YES;
			};
			name = Release;
		};
		F4B1DC6C2DBBAC0900D7BA37 /* Debug */ = {
			isa = XCBuildConfiguration;
			buildSettings = {
				ASSETCATALOG_COMPILER_APPICON_NAME = AppIcon;
				ASSETCATALOG_COMPILER_GLOBAL_ACCENT_COLOR_NAME = AccentColor;
				CODE_SIGN_ENTITLEMENTS = WebsiteBlocker/WebsiteBlocker.entitlements;
				CODE_SIGN_IDENTITY = "Apple Development";
				CODE_SIGN_STYLE = Automatic;
				CURRENT_PROJECT_VERSION = 1;
				DEVELOPMENT_ASSET_PATHS = "\"WebsiteBlocker/Preview Content\"";
				DEVELOPMENT_TEAM = 5Z8G8PCH5S;
				ENABLE_PREVIEWS = YES;
				GENERATE_INFOPLIST_FILE = YES;
				INFOPLIST_FILE = WebsiteBlocker/Info.plist;
				INFOPLIST_KEY_LSApplicationCategoryType = "public.app-category.utilities";
				INFOPLIST_KEY_NSSystemExtensionUsageDescription = "We need to block some apps";
				INFOPLIST_KEY_UIApplicationSceneManifest_Generation = YES;
				INFOPLIST_KEY_UIApplicationSupportsIndirectInputEvents = YES;
				INFOPLIST_KEY_UILaunchScreen_Generation = YES;
				INFOPLIST_KEY_UISupportedInterfaceOrientations_iPad = "UIInterfaceOrientationPortrait UIInterfaceOrientationPortraitUpsideDown UIInterfaceOrientationLandscapeLeft UIInterfaceOrientationLandscapeRight";
				INFOPLIST_KEY_UISupportedInterfaceOrientations_iPhone = "UIInterfaceOrientationPortrait UIInterfaceOrientationLandscapeLeft UIInterfaceOrientationLandscapeRight";
				IPHONEOS_DEPLOYMENT_TARGET = 15.6;
				LD_RUNPATH_SEARCH_PATHS = (
					"$(inherited)",
					"@executable_path/Frameworks",
				);
				MARKETING_VERSION = 1.0;
				PRODUCT_BUNDLE_IDENTIFIER = com.Vivek.WebsiteBlocker;
				PRODUCT_NAME = "$(TARGET_NAME)";
				PROVISIONING_PROFILE_SPECIFIER = "";
				SWIFT_EMIT_LOC_STRINGS = YES;
				SWIFT_VERSION = 5.0;
				TARGETED_DEVICE_FAMILY = "1,2";
			};
			name = Debug;
		};
		F4B1DC6D2DBBAC0900D7BA37 /* Release */ = {
			isa = XCBuildConfiguration;
			buildSettings = {
				ASSETCATALOG_COMPILER_APPICON_NAME = AppIcon;
				ASSETCATALOG_COMPILER_GLOBAL_ACCENT_COLOR_NAME = AccentColor;
				CODE_SIGN_ENTITLEMENTS = WebsiteBlocker/WebsiteBlocker.entitlements;
				CODE_SIGN_IDENTITY = "Apple Development";
				CODE_SIGN_STYLE = Automatic;
				CURRENT_PROJECT_VERSION = 1;
				DEVELOPMENT_ASSET_PATHS = "\"WebsiteBlocker/Preview Content\"";
				DEVELOPMENT_TEAM = 5Z8G8PCH5S;
				ENABLE_PREVIEWS = YES;
				GENERATE_INFOPLIST_FILE = YES;
				INFOPLIST_FILE = WebsiteBlocker/Info.plist;
				INFOPLIST_KEY_LSApplicationCategoryType = "public.app-category.utilities";
				INFOPLIST_KEY_NSSystemExtensionUsageDescription = "We need to block some apps";
				INFOPLIST_KEY_UIApplicationSceneManifest_Generation = YES;
				INFOPLIST_KEY_UIApplicationSupportsIndirectInputEvents = YES;
				INFOPLIST_KEY_UILaunchScreen_Generation = YES;
				INFOPLIST_KEY_UISupportedInterfaceOrientations_iPad = "UIInterfaceOrientationPortrait UIInterfaceOrientationPortraitUpsideDown UIInterfaceOrientationLandscapeLeft UIInterfaceOrientationLandscapeRight";
				INFOPLIST_KEY_UISupportedInterfaceOrientations_iPhone = "UIInterfaceOrientationPortrait UIInterfaceOrientationLandscapeLeft UIInterfaceOrientationLandscapeRight";
				IPHONEOS_DEPLOYMENT_TARGET = 15.6;
				LD_RUNPATH_SEARCH_PATHS = (
					"$(inherited)",
					"@executable_path/Frameworks",
				);
				MARKETING_VERSION = 1.0;
				PRODUCT_BUNDLE_IDENTIFIER = com.Vivek.WebsiteBlocker;
				PRODUCT_NAME = "$(TARGET_NAME)";
				PROVISIONING_PROFILE_SPECIFIER = "";
				SWIFT_EMIT_LOC_STRINGS = YES;
				SWIFT_VERSION = 5.0;
				TARGETED_DEVICE_FAMILY = "1,2";
			};
			name = Release;
		};
		F4B1DC812DBBAD7E00D7BA37 /* Debug */ = {
			isa = XCBuildConfiguration;
			buildSettings = {
				CODE_SIGN_ENTITLEMENTS = ContentFilter/ContentFilter.entitlements;
				CODE_SIGN_STYLE = Automatic;
				CURRENT_PROJECT_VERSION = 1;
				DEVELOPMENT_TEAM = 5Z8G8PCH5S;
				GENERATE_INFOPLIST_FILE = YES;
				INFOPLIST_FILE = ContentFilter/Info.plist;
				INFOPLIST_KEY_CFBundleDisplayName = ContentFilter;
				INFOPLIST_KEY_NSHumanReadableCopyright = "";
				LD_RUNPATH_SEARCH_PATHS = (
					"$(inherited)",
					"@executable_path/Frameworks",
					"@executable_path/../../Frameworks",
				);
				MARKETING_VERSION = 1.0;
				PRODUCT_BUNDLE_IDENTIFIER = com.Vivek.WebsiteBlocker.ContentFilter;
				PRODUCT_NAME = "$(TARGET_NAME)";
				SKIP_INSTALL = YES;
				SWIFT_EMIT_LOC_STRINGS = YES;
				SWIFT_VERSION = 5.0;
				TARGETED_DEVICE_FAMILY = "1,2";
			};
			name = Debug;
		};
		F4B1DC822DBBAD7E00D7BA37 /* Release */ = {
			isa = XCBuildConfiguration;
			buildSettings = {
				CODE_SIGN_ENTITLEMENTS = ContentFilter/ContentFilter.entitlements;
				CODE_SIGN_STYLE = Automatic;
				CURRENT_PROJECT_VERSION = 1;
				DEVELOPMENT_TEAM = 5Z8G8PCH5S;
				GENERATE_INFOPLIST_FILE = YES;
				INFOPLIST_FILE = ContentFilter/Info.plist;
				INFOPLIST_KEY_CFBundleDisplayName = ContentFilter;
				INFOPLIST_KEY_NSHumanReadableCopyright = "";
				LD_RUNPATH_SEARCH_PATHS = (
					"$(inherited)",
					"@executable_path/Frameworks",
					"@executable_path/../../Frameworks",
				);
				MARKETING_VERSION = 1.0;
				PRODUCT_BUNDLE_IDENTIFIER = com.Vivek.WebsiteBlocker.ContentFilter;
				PRODUCT_NAME = "$(TARGET_NAME)";
				SKIP_INSTALL = YES;
				SWIFT_EMIT_LOC_STRINGS = YES;
				SWIFT_VERSION = 5.0;
				TARGETED_DEVICE_FAMILY = "1,2";
			};
			name = Release;
		};
		F4B1DC942DBBAD9E00D7BA37 /* Debug */ = {
			isa = XCBuildConfiguration;
			buildSettings = {
				CODE_SIGN_ENTITLEMENTS = ContentFilterData/ContentFilterData.entitlements;
				CODE_SIGN_STYLE = Automatic;
				CURRENT_PROJECT_VERSION = 1;
				DEVELOPMENT_TEAM = 5Z8G8PCH5S;
				GENERATE_INFOPLIST_FILE = YES;
				INFOPLIST_FILE = ContentFilterData/Info.plist;
				INFOPLIST_KEY_CFBundleDisplayName = ContentFilterData;
				INFOPLIST_KEY_NSHumanReadableCopyright = "";
				LD_RUNPATH_SEARCH_PATHS = (
					"$(inherited)",
					"@executable_path/Frameworks",
					"@executable_path/../../Frameworks",
				);
				MARKETING_VERSION = 1.0;
				PRODUCT_BUNDLE_IDENTIFIER = com.Vivek.WebsiteBlocker.ContentFilterData;
				PRODUCT_NAME = "$(TARGET_NAME)";
				SKIP_INSTALL = YES;
				SWIFT_EMIT_LOC_STRINGS = YES;
				SWIFT_VERSION = 5.0;
				TARGETED_DEVICE_FAMILY = "1,2";
			};
			name = Debug;
		};
		F4B1DC952DBBAD9E00D7BA37 /* Release */ = {
			isa = XCBuildConfiguration;
			buildSettings = {
				CODE_SIGN_ENTITLEMENTS = ContentFilterData/ContentFilterData.entitlements;
				CODE_SIGN_STYLE = Automatic;
				CURRENT_PROJECT_VERSION = 1;
				DEVELOPMENT_TEAM = 5Z8G8PCH5S;
				GENERATE_INFOPLIST_FILE = YES;
				INFOPLIST_FILE = ContentFilterData/Info.plist;
				INFOPLIST_KEY_CFBundleDisplayName = ContentFilterData;
				INFOPLIST_KEY_NSHumanReadableCopyright = "";
				LD_RUNPATH_SEARCH_PATHS = (
					"$(inherited)",
					"@executable_path/Frameworks",
					"@executable_path/../../Frameworks",
				);
				MARKETING_VERSION = 1.0;
				PRODUCT_BUNDLE_IDENTIFIER = com.Vivek.WebsiteBlocker.ContentFilterData;
				PRODUCT_NAME = "$(TARGET_NAME)";
				SKIP_INSTALL = YES;
				SWIFT_EMIT_LOC_STRINGS = YES;
				SWIFT_VERSION = 5.0;
				TARGETED_DEVICE_FAMILY = "1,2";
			};
			name = Release;
		};
/* End XCBuildConfiguration section */

/* Begin XCConfigurationList section */
		F4B1DC582DBBAC0800D7BA37 /* Build configuration list for PBXProject "WebsiteBlocker" */ = {
			isa = XCConfigurationList;
			buildConfigurations = (
				F4B1DC692DBBAC0900D7BA37 /* Debug */,
				F4B1DC6A2DBBAC0900D7BA37 /* Release */,
			);
			defaultConfigurationIsVisible = 0;
			defaultConfigurationName = Release;
		};
		F4B1DC6B2DBBAC0900D7BA37 /* Build configuration list for PBXNativeTarget "WebsiteBlocker" */ = {
			isa = XCConfigurationList;
			buildConfigurations = (
				F4B1DC6C2DBBAC0900D7BA37 /* Debug */,
				F4B1DC6D2DBBAC0900D7BA37 /* Release */,
			);
			defaultConfigurationIsVisible = 0;
			defaultConfigurationName = Release;
		};
		F4B1DC802DBBAD7E00D7BA37 /* Build configuration list for PBXNativeTarget "ContentFilter" */ = {
			isa = XCConfigurationList;
			buildConfigurations = (
				F4B1DC812DBBAD7E00D7BA37 /* Debug */,
				F4B1DC822DBBAD7E00D7BA37 /* Release */,
			);
			defaultConfigurationIsVisible = 0;
			defaultConfigurationName = Release;
		};
		F4B1DC932DBBAD9E00D7BA37 /* Build configuration list for PBXNativeTarget "ContentFilterData" */ = {
			isa = XCConfigurationList;
			buildConfigurations = (
				F4B1DC942DBBAD9E00D7BA37 /* Debug */,
				F4B1DC952DBBAD9E00D7BA37 /* Release */,
			);
			defaultConfigurationIsVisible = 0;
			defaultConfigurationName = Release;
		};
/* End XCConfigurationList section */
	};
	rootObject = F4B1DC552DBBAC0800D7BA37 /* Project object */;
}
